
Microsoft Visual Studio Solution File, Format Version 12.00
Project("{FAE04EC0-301F-11D3-BF4B-00C04F79EFBC}") = "Models", "src\Models\Models.csproj", "{7936995D-1EEA-4E97-B993-9508700788BA}"
EndProject
Project("{FAE04EC0-301F-11D3-BF4B-00C04F79EFBC}") = "Repository", "src\Repository\Repository.csproj", "{6F002A75-F51D-46C6-8454-EBD731D7F98F}"
EndProject
Project("{FAE04EC0-301F-11D3-BF4B-00C04F79EFBC}") = "Services", "src\Services\Services.csproj", "{44A243AC-B080-4EDB-9108-4C79378748D4}"
EndProject
Project("{FAE04EC0-301F-11D3-BF4B-00C04F79EFBC}") = "RestApi", "src\RestApi\RestApi.csproj", "{55426A2D-74C5-4D1C-9EBF-1AD53E29B0D9}"
EndProject
Project("{FAE04EC0-301F-11D3-BF4B-00C04F79EFBC}") = "DTO", "src\DTO\DTO.csproj", "{B7AC08B2-D532-46DD-A5B3-042FF85DDCE2}"
EndProject
Global
	GlobalSection(SolutionConfigurationPlatforms) = preSolution
		Debug|Any CPU = Debug|Any CPU
		Release|Any CPU = Release|Any CPU
	EndGlobalSection
	GlobalSection(ProjectConfigurationPlatforms) = postSolution
		{7936995D-1EEA-4E97-B993-9508700788BA}.Debug|Any CPU.ActiveCfg = Debug|Any CPU
		{7936995D-1EEA-4E97-B993-9508700788BA}.Debug|Any CPU.Build.0 = Debug|Any CPU
		{7936995D-1EEA-4E97-B993-9508700788BA}.Release|Any CPU.ActiveCfg = Release|Any CPU
		{7936995D-1EEA-4E97-B993-9508700788BA}.Release|Any CPU.Build.0 = Release|Any CPU
		{6F002A75-F51D-46C6-8454-EBD731D7F98F}.Debug|Any CPU.ActiveCfg = Debug|Any CPU
		{6F002A75-F51D-46C6-8454-EBD731D7F98F}.Debug|Any CPU.Build.0 = Debug|Any CPU
		{6F002A75-F51D-46C6-8454-EBD731D7F98F}.Release|Any CPU.ActiveCfg = Release|Any CPU
		{6F002A75-F51D-46C6-8454-EBD731D7F98F}.Release|Any CPU.Build.0 = Release|Any CPU
		{44A243AC-B080-4EDB-9108-4C79378748D4}.Debug|Any CPU.ActiveCfg = Debug|Any CPU
		{44A243AC-B080-4EDB-9108-4C79378748D4}.Debug|Any CPU.Build.0 = Debug|Any CPU
		{44A243AC-B080-4EDB-9108-4C79378748D4}.Release|Any CPU.ActiveCfg = Release|Any CPU
		{44A243AC-B080-4EDB-9108-4C79378748D4}.Release|Any CPU.Build.0 = Release|Any CPU
		{55426A2D-74C5-4D1C-9EBF-1AD53E29B0D9}.Debug|Any CPU.ActiveCfg = Debug|Any CPU
		{55426A2D-74C5-4D1C-9EBF-1AD53E29B0D9}.Debug|Any CPU.Build.0 = Debug|Any CPU
		{55426A2D-74C5-4D1C-9EBF-1AD53E29B0D9}.Release|Any CPU.ActiveCfg = Release|Any CPU
		{55426A2D-74C5-4D1C-9EBF-1AD53E29B0D9}.Release|Any CPU.Build.0 = Release|Any CPU
		{B7AC08B2-D532-46DD-A5B3-042FF85DDCE2}.Debug|Any CPU.ActiveCfg = Debug|Any CPU
		{B7AC08B2-D532-46DD-A5B3-042FF85DDCE2}.Debug|Any CPU.Build.0 = Debug|Any CPU
		{B7AC08B2-D532-46DD-A5B3-042FF85DDCE2}.Release|Any CPU.ActiveCfg = Release|Any CPU
		{B7AC08B2-D532-46DD-A5B3-042FF85DDCE2}.Release|Any CPU.Build.0 = Release|Any CPU
	EndGlobalSection
EndGlobal
